// !$*UTF8*$!
{
	archiveVersion = 1;
	classes = {
	};
	objectVersion = 56;
	objects = {
/* Begin PBXBuildFile section */
		3B4A1A1F2D4E5F6A7B8C9D0E /* MangaReaderApp.swift in Sources */ = {isa = PBXBuildFile; fileRef = 3B4A1A1E2D4E5F6A7B8C9D0D; };
		3B4A1A212D4E5F6A7B8C9D10 /* MangaModels.swift in Sources */ = {isa = PBXBuildFile; fileRef = 3B4A1A202D4E5F6A7B8C9D0F; };
		3B4A1A232D4E5F6A7B8C9D12 /* MangaDexService.swift in Sources */ = {isa = PBXBuildFile; fileRef = 3B4A1A222D4E5F6A7B8C9D11; };
		3B4A1A252D4E5F6A7B8C9D14 /* TorboxService.swift in Sources */ = {isa = PBXBuildFile; fileRef = 3B4A1A242D4E5F6A7B8C9D13; };
		3B4A1A272D4E5F6A7B8C9D16 /* KeychainManager.swift in Sources */ = {isa = PBXBuildFile; fileRef = 3B4A1A262D4E5F6A7B8C9D15; };
		3B4A1A292D4E5F6A7B8C9D18 /* UserDefaultsManager.swift in Sources */ = {isa = PBXBuildFile; fileRef = 3B4A1A282D4E5F6A7B8C9D17; };
		3B4A1A2B2D4E5F6A7B8C9D1A /* BrowseView.swift in Sources */ = {isa = PBXBuildFile; fileRef = 3B4A1A2A2D4E5F6A7B8C9D19; };
		3B4A1A2D2D4E5F6A7B8C9D1C /* LibraryView.swift in Sources */ = {isa = PBXBuildFile; fileRef = 3B4A1A2C2D4E5F6A7B8C9D1B; };
		3B4A1A2F2D4E5F6A7B8C9D1E /* MainTabView.swift in Sources */ = {isa = PBXBuildFile; fileRef = 3B4A1A2E2D4E5F6A7B8C9D1D; };
		3B4A1A312D4E5F6A7B8C9D20 /* MangaDetailView.swift in Sources */ = {isa = PBXBuildFile; fileRef = 3B4A1A302D4E5F6A7B8C9D1F; };
		3B4A1A332D4E5F6A7B8C9D22 /* ReaderView.swift in Sources */ = {isa = PBXBuildFile; fileRef = 3B4A1A322D4E5F6A7B8C9D21; };
		3B4A1A352D4E5F6A7B8C9D24 /* SettingsView.swift in Sources */ = {isa = PBXBuildFile; fileRef = 3B4A1A342D4E5F6A7B8C9D23; };
		3B4A1A372D4E5F6A7B8C9D26 /* Alamofire in Frameworks */ = {isa = PBXBuildFile; productRef = 3B4A1A362D4E5F6A7B8C9D25; };
		3B4A1A392D4E5F6A7B8C9D28 /* Kingfisher in Frameworks */ = {isa = PBXBuildFile; productRef = 3B4A1A382D4E5F6A7B8C9D27; };
/* End PBXBuildFile section */

/* Begin PBXFileReference section */
		3B4A1A1E2D4E5F6A7B8C9D0D /* MangaReaderApp.swift */ = {isa = PBXFileReference; lastKnownFileType = sourcecode.swift; path = MangaReaderApp.swift; sourceTree = "<group>"; };
		3B4A1A202D4E5F6A7B8C9D0F /* MangaModels.swift */ = {isa = PBXFileReference; lastKnownFileType = sourcecode.swift; path = MangaModels.swift; sourceTree = "<group>"; };
		3B4A1A222D4E5F6A7B8C9D11 /* MangaDexService.swift */ = {isa = PBXFileReference; lastKnownFileType = sourcecode.swift; path = MangaDexService.swift; sourceTree = "<group>"; };
		3B4A1A242D4E5F6A7B8C9D13 /* TorboxService.swift */ = {isa = PBXFileReference; lastKnownFileType = sourcecode.swift; path = TorboxService.swift; sourceTree = "<group>"; };
		3B4A1A262D4E5F6A7B8C9D15 /* KeychainManager.swift */ = {isa = PBXFileReference; lastKnownFileType = sourcecode.swift; path = KeychainManager.swift; sourceTree = "<group>"; };
		3B4A1A282D4E5F6A7B8C9D17 /* UserDefaultsManager.swift */ = {isa = PBXFileReference; lastKnownFileType = sourcecode.swift; path = UserDefaultsManager.swift; sourceTree = "<group>"; };
		3B4A1A2A2D4E5F6A7B8C9D19 /* BrowseView.swift */ = {isa = PBXFileReference; lastKnownFileType = sourcecode.swift; path = BrowseView.swift; sourceTree = "<group>"; };
		3B4A1A2C2D4E5F6A7B8C9D1B /* LibraryView.swift */ = {isa = PBXFileReference; lastKnownFileType = sourcecode.swift; path = LibraryView.swift; sourceTree = "<group>"; };
		3B4A1A2E2D4E5F6A7B8C9D1D /* MainTabView.swift */ = {isa = PBXFileReference; lastKnownFileType = sourcecode.swift; path = MainTabView.swift; sourceTree = "<group>"; };
		3B4A1A302D4E5F6A7B8C9D1F /* MangaDetailView.swift */ = {isa = PBXFileReference; lastKnownFileType = sourcecode.swift; path = MangaDetailView.swift; sourceTree = "<group>"; };
		3B4A1A322D4E5F6A7B8C9D21 /* ReaderView.swift */ = {isa = PBXFileReference; lastKnownFileType = sourcecode.swift; path = ReaderView.swift; sourceTree = "<group>"; };
		3B4A1A342D4E5F6A7B8C9D23 /* SettingsView.swift */ = {isa = PBXFileReference; lastKnownFileType = sourcecode.swift; path = SettingsView.swift; sourceTree = "<group>"; };
		3B4A1A3A2D4E5F6A7B8C9D29 /* Info.plist */ = {isa = PBXFileReference; lastKnownFileType = text.plist.xml; path = Info.plist; sourceTree = "<group>"; };
		3B4A1A3B2D4E5F6A7B8C9D2A /* MangaReader.app */ = {isa = PBXFileReference; explicitFileType = wrapper.application; includeInIndex = 0; path = MangaReader.app; sourceTree = BUILT_PRODUCTS_DIR; };
/* End PBXFileReference section */

/* Begin PBXFrameworksBuildPhase section */
		3B4A1A3C2D4E5F6A7B8C9D2B /* Frameworks */ = {
			isa = PBXFrameworksBuildPhase;
			buildActionMask = 2147483647;
			files = (
				3B4A1A372D4E5F6A7B8C9D26,
				3B4A1A392D4E5F6A7B8C9D28,
			);
			runOnlyForDeploymentPostprocessing = 0;
		};
/* End PBXFrameworksBuildPhase section */

/* Begin PBXGroup section */
		3B4A1A3D2D4E5F6A7B8C9D2C /* MangaReader */ = {
			isa = PBXGroup;
			children = (
				3B4A1A1E2D4E5F6A7B8C9D0D,
				3B4A1A3E2D4E5F6A7B8C9D2D,
				3B4A1A3F2D4E5F6A7B8C9D2E,
				3B4A1A402D4E5F6A7B8C9D2F,
				3B4A1A412D4E5F6A7B8C9D30,
				3B4A1A3A2D4E5F6A7B8C9D29,
			);
			path = Sources/MangaReader;
			sourceTree = "<group>";
		};
		3B4A1A3E2D4E5F6A7B8C9D2D /* Models */ = {
			isa = PBXGroup;
			children = (
				3B4A1A202D4E5F6A7B8C9D0F,
			);
			path = Models;
			sourceTree = "<group>";
		};
		3B4A1A3F2D4E5F6A7B8C9D2E /* Services */ = {
			isa = PBXGroup;
			children = (
				3B4A1A222D4E5F6A7B8C9D11,
				3B4A1A242D4E5F6A7B8C9D13,
			);
			path = Services;
			sourceTree = "<group>";
		};
		3B4A1A402D4E5F6A7B8C9D2F /* Utils */ = {
			isa = PBXGroup;
			children = (
				3B4A1A262D4E5F6A7B8C9D15,
				3B4A1A282D4E5F6A7B8C9D17,
			);
			path = Utils;
			sourceTree = "<group>";
		};
		3B4A1A412D4E5F6A7B8C9D30 /* Views */ = {
			isa = PBXGroup;
			children = (
				3B4A1A2A2D4E5F6A7B8C9D19,
				3B4A1A2C2D4E5F6A7B8C9D1B,
				3B4A1A2E2D4E5F6A7B8C9D1D,
				3B4A1A302D4E5F6A7B8C9D1F,
				3B4A1A322D4E5F6A7B8C9D21,
				3B4A1A342D4E5F6A7B8C9D23,
			);
			path = Views;
			sourceTree = "<group>";
		};
		3B4A1A422D4E5F6A7B8C9D31 /* Products */ = {
			isa = PBXGroup;
			children = (
				3B4A1A3B2D4E5F6A7B8C9D2A,
			);
			name = Products;
			sourceTree = "<group>";
		};
		3B4A1A432D4E5F6A7B8C9D32 /* MangaReader */ = {
			isa = PBXGroup;
			children = (
				3B4A1A3D2D4E5F6A7B8C9D2C,
				3B4A1A422D4E5F6A7B8C9D31,
			);
			sourceTree = "<group>";
		};
/* End PBXGroup section */

/* Begin PBXNativeTarget section */
		3B4A1A442D4E5F6A7B8C9D33 /* MangaReader */ = {
			isa = PBXNativeTarget;
			buildConfigurationList = 3B4A1A452D4E5F6A7B8C9D34;
			buildPhases = (
				3B4A1A462D4E5F6A7B8C9D35,
				3B4A1A3C2D4E5F6A7B8C9D2B,
			);
			buildRules = (
			);
			dependencies = (
			);
			name = MangaReader;
			packageProductDependencies = (
				3B4A1A362D4E5F6A7B8C9D25,
				3B4A1A382D4E5F6A7B8C9D27,
			);
			productName = MangaReader;
			productReference = 3B4A1A3B2D4E5F6A7B8C9D2A;
			productType = "com.apple.product-type.application";
		};
/* End PBXNativeTarget section */

/* Begin PBXProject section */
		3B4A1A472D4E5F6A7B8C9D36 /* Project object */ = {
			isa = PBXProject;
			attributes = {
				BuildIndependentTargetsInParallel = 1;
				LastUpgradeCheck = 1500;
				TargetAttributes = {
					3B4A1A442D4E5F6A7B8C9D33 = {
						CreatedOnToolsVersion = 15.0;
					};
				};
			};
			buildConfigurationList = 3B4A1A482D4E5F6A7B8C9D37;
			compatibilityVersion = "Xcode 14.0";
			developmentRegion = en;
			hasScannedForEncodings = 0;
			knownRegions = (
				en,
				Base,
			);
			mainGroup = 3B4A1A432D4E5F6A7B8C9D32;
			packageReferences = (
				3B4A1A492D4E5F6A7B8C9D38,
				3B4A1A4A2D4E5F6A7B8C9D39,
			);
			productRefGroup = 3B4A1A422D4E5F6A7B8C9D31;
			projectDirPath = "";
			projectRoot = "";
			targets = (
				3B4A1A442D4E5F6A7B8C9D33,
			);
		};
/* End PBXProject section */

/* Begin PBXSourcesBuildPhase section */
		3B4A1A462D4E5F6A7B8C9D35 /* Sources */ = {
			isa = PBXSourcesBuildPhase;
			buildActionMask = 2147483647;
			files = (
				3B4A1A1F2D4E5F6A7B8C9D0E,
				3B4A1A212D4E5F6A7B8C9D10,
				3B4A1A232D4E5F6A7B8C9D12,
				3B4A1A252D4E5F6A7B8C9D14,
				3B4A1A272D4E5F6A7B8C9D16,
				3B4A1A292D4E5F6A7B8C9D18,
				3B4A1A2B2D4E5F6A7B8C9D1A,
				3B4A1A2D2D4E5F6A7B8C9D1C,
				3B4A1A2F2D4E5F6A7B8C9D1E,
				3B4A1A312D4E5F6A7B8C9D20,
				3B4A1A332D4E5F6A7B8C9D22,
				3B4A1A352D4E5F6A7B8C9D24,
			);
			runOnlyForDeploymentPostprocessing = 0;
		};
/* End PBXSourcesBuildPhase section */

/* Begin XCBuildConfiguration section */
		3B4A1A4B2D4E5F6A7B8C9D3A /* Debug */ = {
			isa = XCBuildConfiguration;
			buildSettings = {
				ALWAYS_SEARCH_USER_PATHS = NO;
				CLANG_ANALYZER_NONNULL = YES;
				CLANG_ANALYZER_NUMBER_OBJECT_CONVERSION = YES_AGGRESSIVE;
				CLANG_CXX_LANGUAGE_DIALECT = "c++20";
				CLANG_CXX_LIBRARY = "libc++";
				CLANG_ENABLE_MODULES = YES;
				CLANG_ENABLE_OBJC_ARC = YES;
				CLANG_WARN_BLOCK_CAPTURE_AUTORELEASING = YES;
				CLANG_WARN_BOOL_CONVERSION = YES;
				CLANG_WARN_COMMA = YES;
				CLANG_WARN_CONSTANT_CONVERSION = YES;
				CLANG_WARN_DEPRECATED_OBJC_IMPLEMENTATIONS = YES;
				CLANG_WARN_DIRECT_OBJC_ISA_USAGE = YES_ERROR;
				CLANG_WARN_DOCUMENTATION_COMMENTS = YES;
				CLANG_WARN_EMPTY_BODY = YES;
				CLANG_WARN_ENUM_CONVERSION = YES;
				CLANG_WARN_INFINITE_RECURSION = YES;
				CLANG_WARN_INT_CONVERSION = YES;
				CLANG_WARN_NON_LITERAL_NULL_CONVERSION = YES;
				CLANG_WARN_OBJC_IMPLICIT_RETAIN_SELF = YES;
				CLANG_WARN_OBJC_LITERAL_CONVERSION = YES;
				CLANG_WARN_OBJC_ROOT_CLASS = YES_ERROR;
				CLANG_WARN_QUOTED_INCLUDE_IN_FRAMEWORK_HEADER = YES;
				CLANG_WARN_RANGE_LOOP_ANALYSIS = YES;
				CLANG_WARN_STRICT_PROTOTYPES = YES;
				CLANG_WARN_SUSPICIOUS_MOVE = YES;
				CLANG_WARN_SUSPICIOUS_MOVES = YES;
				CLANG_WARN_UNREACHABLE_CODE = YES;
				CLANG_WARN__DUPLICATE_METHOD_MATCH = YES;
				COPY_PHASE_STRIP = NO;
				DEBUG_INFORMATION_FORMAT = dwarf;
				ENABLE_STRICT_OBJC_MSGSEND = YES;
				ENABLE_TESTABILITY = YES;
				GCC_C_LANGUAGE_DIALECT = gnu17;
				GCC_DYNAMIC_NO_PIC = NO;
				GCC_NO_COMMON_BLOCKS = YES;
				GCC_OPTIMIZATION_LEVEL = 0;
				GCC_PREPROCESSOR_DEFINITIONS = (
					"DEBUG=1",
					"$(inherited)",
				);
				GCC_WARN_64_TO_32_BIT_CONVERSION = YES;
				GCC_WARN_ABOUT_RETURN_TYPE = YES_ERROR;
				GCC_WARN_UNDECLARED_SELECTOR = YES;
				GCC_WARN_UNINITIALIZED_AUTOS = YES_AGGRESSIVE;
				GCC_WARN_UNUSED_FUNCTION = YES;
				GCC_WARN_UNUSED_VARIABLE = YES;
				IPHONEOS_DEPLOYMENT_TARGET = 16.0;
				MTL_ENABLE_DEBUG_INFO = INCLUDE_SOURCE;
				MTL_FAST_MATH = YES;
				ONLY_ACTIVE_ARCH = YES;
				SDKROOT = iphoneos;
				SWIFT_ACTIVE_COMPILATION_CONDITIONS = DEBUG;
				SWIFT_OPTIMIZATION_LEVEL = "-Onone";
			};
			name = Debug;
		};
		3B4A1A4C2D4E5F6A7B8C9D3B /* Release */ = {
			isa = XCBuildConfiguration;
			buildSettings = {
				ALWAYS_SEARCH_USER_PATHS = NO;
				CLANG_ANALYZER_NONNULL = YES;
				CLANG_ANALYZER_NUMBER_OBJECT_CONVERSION = YES_AGGRESSIVE;
				CLANG_CXX_LANGUAGE_DIALECT = "c++20";
				CLANG_CXX_LIBRARY = "libc++";
				CLANG_ENABLE_MODULES = YES;
				CLANG_ENABLE_OBJC_ARC = YES;
				CLANG_WARN_BLOCK_CAPTURE_AUTORELEASING = YES;
				CLANG_WARN_BOOL_CONVERSION = YES;
				CLANG_WARN_COMMA = YES;
				CLANG_WARN_CONSTANT_CONVERSION = YES;
				CLANG_WARN_DEPRECATED_OBJC_IMPLEMENTATIONS = YES;
				CLANG_WARN_DIRECT_OBJC_ISA_USAGE = YES_ERROR;
				CLANG_WARN_DOCUMENTATION_COMMENTS = YES;
				CLANG_WARN_EMPTY_BODY = YES;
				CLANG_WARN_ENUM_CONVERSION = YES;
				CLANG_WARN_INFINITE_RECURSION = YES;
				CLANG_WARN_INT_CONVERSION = YES;
				CLANG_WARN_NON_LITERAL_NULL_CONVERSION = YES;
				CLANG_WARN_OBJC_IMPLICIT_RETAIN_SELF = YES;
				CLANG_WARN_OBJC_LITERAL_CONVERSION = YES;
				CLANG_WARN_OBJC_ROOT_CLASS = YES_ERROR;
				CLANG_WARN_QUOTED_INCLUDE_IN_FRAMEWORK_HEADER = YES;
				CLANG_WARN_RANGE_LOOP_ANALYSIS = YES;
				CLANG_WARN_STRICT_PROTOTYPES = YES;
				CLANG_WARN_SUSPICIOUS_MOVE = YES;
				CLANG_WARN_SUSPICIOUS_MOVES = YES;
				CLANG_WARN_UNREACHABLE_CODE = YES;
				CLANG_WARN__DUPLICATE_METHOD_MATCH = YES;
				COPY_PHASE_STRIP = NO;
				DEBUG_INFORMATION_FORMAT = "dwarf-with-dsym";
				ENABLE_NS_ASSERTIONS = NO;
				ENABLE_STRICT_OBJC_MSGSEND = YES;
				GCC_C_LANGUAGE_DIALECT = gnu17;
				GCC_NO_COMMON_BLOCKS = YES;
				GCC_OPTIMIZATION_LEVEL = fast;
				GCC_WARN_64_TO_32_BIT_CONVERSION = YES;
				GCC_WARN_ABOUT_RETURN_TYPE = YES_ERROR;
				GCC_WARN_UNDECLARED_SELECTOR = YES;
				GCC_WARN_UNINITIALIZED_AUTOS = YES_AGGRESSIVE;
				GCC_WARN_UNUSED_FUNCTION = YES;
				GCC_WARN_UNUSED_VARIABLE = YES;
				IPHONEOS_DEPLOYMENT_TARGET = 16.0;
				MTL_ENABLE_DEBUG_INFO = NO;
				MTL_FAST_MATH = YES;
				SDKROOT = iphoneos;
				SWIFT_COMPILATION_MODE = wholemodule;
				SWIFT_OPTIMIZATION_LEVEL = "-O";
				VALIDATE_PRODUCT = YES;
			};
			name = Release;
		};
		3B4A1A4D2D4E5F6A7B8C9D3C /* Debug */ = {
			isa = XCBuildConfiguration;
			buildSettings = {
				ASSETCATALOG_COMPILER_APPICON_NAME = AppIcon;
				CODE_SIGN_IDENTITY = "";
				CODE_SIGN_STYLE = Automatic;
				CURRENT_PROJECT_VERSION = 1;
				DEVELOPMENT_TEAM = "";
				INFOPLIST_FILE = Sources/MangaReader/Info.plist;
				IPHONEOS_DEPLOYMENT_TARGET = 16.0;
				LD_RUNPATH_SEARCH_PATHS = (
					"$(inherited)",
					"@executable_path/Frameworks",
				);
				MARKETING_VERSION = 1.0;
				PRODUCT_BUNDLE_IDENTIFIER = com.mangareader.app;
				PRODUCT_NAME = "$(TARGET_NAME)";
				SWIFT_VERSION = 5.0;
				TARGETED_DEVICE_FAMILY = "1,2";
			};
			name = Debug;
		};
		3B4A1A4E2D4E5F6A7B8C9D3D /* Release */ = {
			isa = XCBuildConfiguration;
			buildSettings = {
				ASSETCATALOG_COMPILER_APPICON_NAME = AppIcon;
				CODE_SIGN_IDENTITY = "";
				CODE_SIGN_STYLE = Automatic;
				CURRENT_PROJECT_VERSION = 1;
				DEVELOPMENT_TEAM = "";
				INFOPLIST_FILE = Sources/MangaReader/Info.plist;
				IPHONEOS_DEPLOYMENT_TARGET = 16.0;
				LD_RUNPATH_SEARCH_PATHS = (
					"$(inherited)",
					"@executable_path/Frameworks",
				);
				MARKETING_VERSION = 1.0;
				PRODUCT_BUNDLE_IDENTIFIER = com.mangareader.app;
				PRODUCT_NAME = "$(TARGET_NAME)";
				SWIFT_VERSION = 5.0;
				TARGETED_DEVICE_FAMILY = "1,2";
			};
			name = Release;
		};
/* End XCBuildConfiguration section */

/* Begin XCConfigurationList section */
		3B4A1A482D4E5F6A7B8C9D37 /* Build configuration list for PBXProject "MangaReader" */ = {
			isa = XCConfigurationList;
			buildConfigurations = (
				3B4A1A4B2D4E5F6A7B8C9D3A,
				3B4A1A4C2D4E5F6A7B8C9D3B,
			);
			defaultConfigurationIsVisible = 0;
			defaultConfigurationName = Release;
		};
		3B4A1A452D4E5F6A7B8C9D34 /* Build configuration list for PBXNativeTarget "MangaReader" */ = {
			isa = XCConfigurationList;
			buildConfigurations = (
				3B4A1A4D2D4E5F6A7B8C9D3C,
				3B4A1A4E2D4E5F6A7B8C9D3D,
			);
			defaultConfigurationIsVisible = 0;
			defaultConfigurationName = Release;
		};
/* End XCConfigurationList section */

/* Begin XCRemoteSwiftPackageReference section */
		3B4A1A492D4E5F6A7B8C9D38 /* XCRemoteSwiftPackageReference "Alamofire" */ = {
			isa = XCRemoteSwiftPackageReference;
			repositoryURL = "https://github.com/Alamofire/Alamofire";
			requirement = {
				kind = upToNextMajorVersion;
				minimumVersion = 5.8.0;
			};
		};
		3B4A1A4A2D4E5F6A7B8C9D39 /* XCRemoteSwiftPackageReference "Kingfisher" */ = {
			isa = XCRemoteSwiftPackageReference;
			repositoryURL = "https://github.com/onevcat/Kingfisher";
			requirement = {
				kind = upToNextMajorVersion;
				minimumVersion = 7.10.0;
			};
		};
/* End XCRemoteSwiftPackageReference section */

/* Begin XCSwiftPackageProductDependency section */
		3B4A1A362D4E5F6A7B8C9D25 /* Alamofire */ = {
			isa = XCSwiftPackageProductDependency;
			package = 3B4A1A492D4E5F6A7B8C9D38;
			productName = Alamofire;
		};
		3B4A1A382D4E5F6A7B8C9D27 /* Kingfisher */ = {
			isa = XCSwiftPackageProductDependency;
			package = 3B4A1A4A2D4E5F6A7B8C9D39;
			productName = Kingfisher;
		};
/* End XCSwiftPackageProductDependency section */
	};
	rootObject = 3B4A1A472D4E5F6A7B8C9D36;
}
